
Microsoft Visual Studio Solution File, Format Version 12.00
# Visual Studio 15
VisualStudioVersion = 15.0.28307.421
MinimumVisualStudioVersion = 10.0.40219.1
Project("{FAE04EC0-301F-11D3-BF4B-00C04F79EFBC}") = "ConsoleUI", "ConsoleUI\ConsoleUI.csproj", "{7E24F974-C02E-43EF-9CCA-F6E2C6BA8FAE}"
EndProject
Global
	GlobalSection(SolutionConfigurationPlatforms) = preSolution
		Debug|Any CPU = Debug|Any CPU
		Release|Any CPU = Release|Any CPU
	EndGlobalSection
	GlobalSection(ProjectConfigurationPlatforms) = postSolution
		{7E24F974-C02E-43EF-9CCA-F6E2C6BA8FAE}.Debug|Any CPU.ActiveCfg = Debug|Any CPU
		{7E24F974-C02E-43EF-9CCA-F6E2C6BA8FAE}.Debug|Any CPU.Build.0 = Debug|Any CPU
		{7E24F974-C02E-43EF-9CCA-F6E2C6BA8FAE}.Release|Any CPU.ActiveCfg = Release|Any CPU
		{7E24F974-C02E-43EF-9CCA-F6E2C6BA8FAE}.Release|Any CPU.Build.0 = Release|Any CPU
	EndGlobalSection
	GlobalSection(SolutionProperties) = preSolution
		HideSolutionNode = FALSE
	EndGlobalSection
	GlobalSection(ExtensibilityGlobals) = postSolution
		SolutionGuid = {3EDB3FD3-0E3C-4002-8E67-58B1E0D34CA9}
	EndGlobalSection
EndGlobal
